
Microsoft Visual Studio Solution File, Format Version 12.00
# Visual Studio 2012
Project("{FAE04EC0-301F-11D3-BF4B-00C04F79EFBC}") = "SharpCms.Tests", "SharpCms.Tests\SharpCms.Tests.csproj", "{BD13D92A-782A-4492-A220-B3DDD254CA68}"
EndProject
Project("{FAE04EC0-301F-11D3-BF4B-00C04F79EFBC}") = "SharpCms.Core", "SharpCms.Core\SharpCms.Core.csproj", "{77230FBD-D49F-4567-BFCF-0FC92D040124}"
EndProject
Project("{FAE04EC0-301F-11D3-BF4B-00C04F79EFBC}") = "SharpCmsWeb", "SharpCmsWeb\SharpCmsWeb.csproj", "{EEE21001-C55F-46EA-849D-B230A00FAB87}"
EndProject
Project("{FAE04EC0-301F-11D3-BF4B-00C04F79EFBC}") = "SharpCmsWeb.Tests", "SharpCmsWeb.Tests\SharpCmsWeb.Tests.csproj", "{A95903BC-D51E-4B3A-8257-96020A494E88}"
EndProject
Project("{FAE04EC0-301F-11D3-BF4B-00C04F79EFBC}") = "SharpCms.Mvc", "SharpCms.Mvc\SharpCms.Mvc.csproj", "{79921822-0DF2-4B32-A58D-C2D4292F4E68}"
EndProject
Global
	GlobalSection(SolutionConfigurationPlatforms) = preSolution
		Debug|Any CPU = Debug|Any CPU
		Release|Any CPU = Release|Any CPU
	EndGlobalSection
	GlobalSection(ProjectConfigurationPlatforms) = postSolution
		{BD13D92A-782A-4492-A220-B3DDD254CA68}.Debug|Any CPU.ActiveCfg = Debug|Any CPU
		{BD13D92A-782A-4492-A220-B3DDD254CA68}.Debug|Any CPU.Build.0 = Debug|Any CPU
		{BD13D92A-782A-4492-A220-B3DDD254CA68}.Release|Any CPU.ActiveCfg = Release|Any CPU
		{BD13D92A-782A-4492-A220-B3DDD254CA68}.Release|Any CPU.Build.0 = Release|Any CPU
		{77230FBD-D49F-4567-BFCF-0FC92D040124}.Debug|Any CPU.ActiveCfg = Debug|Any CPU
		{77230FBD-D49F-4567-BFCF-0FC92D040124}.Debug|Any CPU.Build.0 = Debug|Any CPU
		{77230FBD-D49F-4567-BFCF-0FC92D040124}.Release|Any CPU.ActiveCfg = Release|Any CPU
		{77230FBD-D49F-4567-BFCF-0FC92D040124}.Release|Any CPU.Build.0 = Release|Any CPU
		{EEE21001-C55F-46EA-849D-B230A00FAB87}.Debug|Any CPU.ActiveCfg = Debug|Any CPU
		{EEE21001-C55F-46EA-849D-B230A00FAB87}.Debug|Any CPU.Build.0 = Debug|Any CPU
		{EEE21001-C55F-46EA-849D-B230A00FAB87}.Release|Any CPU.ActiveCfg = Release|Any CPU
		{EEE21001-C55F-46EA-849D-B230A00FAB87}.Release|Any CPU.Build.0 = Release|Any CPU
		{A95903BC-D51E-4B3A-8257-96020A494E88}.Debug|Any CPU.ActiveCfg = Debug|Any CPU
		{A95903BC-D51E-4B3A-8257-96020A494E88}.Debug|Any CPU.Build.0 = Debug|Any CPU
		{A95903BC-D51E-4B3A-8257-96020A494E88}.Release|Any CPU.ActiveCfg = Release|Any CPU
		{A95903BC-D51E-4B3A-8257-96020A494E88}.Release|Any CPU.Build.0 = Release|Any CPU
		{79921822-0DF2-4B32-A58D-C2D4292F4E68}.Debug|Any CPU.ActiveCfg = Debug|Any CPU
		{79921822-0DF2-4B32-A58D-C2D4292F4E68}.Debug|Any CPU.Build.0 = Debug|Any CPU
		{79921822-0DF2-4B32-A58D-C2D4292F4E68}.Release|Any CPU.ActiveCfg = Release|Any CPU
		{79921822-0DF2-4B32-A58D-C2D4292F4E68}.Release|Any CPU.Build.0 = Release|Any CPU
	EndGlobalSection
	GlobalSection(SolutionProperties) = preSolution
		HideSolutionNode = FALSE
	EndGlobalSection
EndGlobal
